
Microsoft Visual Studio Solution File, Format Version 12.00
# Visual Studio 15
VisualStudioVersion = 15.0.28307.421
MinimumVisualStudioVersion = 10.0.40219.1
Project("{FAE04EC0-301F-11D3-BF4B-00C04F79EFBC}") = "SocketListener", "SocketListener\SocketListener.csproj", "{6AC00DF0-EAE7-45E9-8E2E-0BAC77E5167C}"
EndProject
Project("{FAE04EC0-301F-11D3-BF4B-00C04F79EFBC}") = "SocketSender", "SocketSender\SocketSender.csproj", "{ABB10B7C-419F-4845-A44E-36890882FC04}"
EndProject
Project("{FAE04EC0-301F-11D3-BF4B-00C04F79EFBC}") = "Models", "Models\Models.csproj", "{50976739-958F-41DE-8293-5487A95B2317}"
EndProject
Project("{FAE04EC0-301F-11D3-BF4B-00C04F79EFBC}") = "UdpSocketListener", "UdpSocketListener\UdpSocketListener.csproj", "{3705B414-7C83-46D9-94CF-89A7234EE34F}"
EndProject
Project("{FAE04EC0-301F-11D3-BF4B-00C04F79EFBC}") = "UdpSocketClient", "UdpSocketClient\UdpSocketClient.csproj", "{348DF5AF-2730-4024-A141-47E76AD93473}"
EndProject
Global
	GlobalSection(SolutionConfigurationPlatforms) = preSolution
		Debug|Any CPU = Debug|Any CPU
		Release|Any CPU = Release|Any CPU
	EndGlobalSection
	GlobalSection(ProjectConfigurationPlatforms) = postSolution
		{6AC00DF0-EAE7-45E9-8E2E-0BAC77E5167C}.Debug|Any CPU.ActiveCfg = Debug|Any CPU
		{6AC00DF0-EAE7-45E9-8E2E-0BAC77E5167C}.Debug|Any CPU.Build.0 = Debug|Any CPU
		{6AC00DF0-EAE7-45E9-8E2E-0BAC77E5167C}.Release|Any CPU.ActiveCfg = Release|Any CPU
		{6AC00DF0-EAE7-45E9-8E2E-0BAC77E5167C}.Release|Any CPU.Build.0 = Release|Any CPU
		{ABB10B7C-419F-4845-A44E-36890882FC04}.Debug|Any CPU.ActiveCfg = Debug|Any CPU
		{ABB10B7C-419F-4845-A44E-36890882FC04}.Debug|Any CPU.Build.0 = Debug|Any CPU
		{ABB10B7C-419F-4845-A44E-36890882FC04}.Release|Any CPU.ActiveCfg = Release|Any CPU
		{ABB10B7C-419F-4845-A44E-36890882FC04}.Release|Any CPU.Build.0 = Release|Any CPU
		{50976739-958F-41DE-8293-5487A95B2317}.Debug|Any CPU.ActiveCfg = Debug|Any CPU
		{50976739-958F-41DE-8293-5487A95B2317}.Debug|Any CPU.Build.0 = Debug|Any CPU
		{50976739-958F-41DE-8293-5487A95B2317}.Release|Any CPU.ActiveCfg = Release|Any CPU
		{50976739-958F-41DE-8293-5487A95B2317}.Release|Any CPU.Build.0 = Release|Any CPU
		{3705B414-7C83-46D9-94CF-89A7234EE34F}.Debug|Any CPU.ActiveCfg = Debug|Any CPU
		{3705B414-7C83-46D9-94CF-89A7234EE34F}.Debug|Any CPU.Build.0 = Debug|Any CPU
		{3705B414-7C83-46D9-94CF-89A7234EE34F}.Release|Any CPU.ActiveCfg = Release|Any CPU
		{3705B414-7C83-46D9-94CF-89A7234EE34F}.Release|Any CPU.Build.0 = Release|Any CPU
		{348DF5AF-2730-4024-A141-47E76AD93473}.Debug|Any CPU.ActiveCfg = Debug|Any CPU
		{348DF5AF-2730-4024-A141-47E76AD93473}.Debug|Any CPU.Build.0 = Debug|Any CPU
		{348DF5AF-2730-4024-A141-47E76AD93473}.Release|Any CPU.ActiveCfg = Release|Any CPU
		{348DF5AF-2730-4024-A141-47E76AD93473}.Release|Any CPU.Build.0 = Release|Any CPU
	EndGlobalSection
	GlobalSection(SolutionProperties) = preSolution
		HideSolutionNode = FALSE
	EndGlobalSection
	GlobalSection(ExtensibilityGlobals) = postSolution
		SolutionGuid = {4591244E-A217-4D9E-BA23-8A02DE5CBD01}
	EndGlobalSection
EndGlobal
